// !$*UTF8*$!
{
	archiveVersion = 1;
	classes = {
	};
	objectVersion = 46;
	objects = {

/* Begin PBXBuildFile section */
		996B72EE1E68B6EE00842E24 /* AppDelegate.swift in Sources */ = {isa = PBXBuildFile; fileRef = 996B72ED1E68B6EE00842E24 /* AppDelegate.swift */; };
		996B72F01E68B6EE00842E24 /* ViewController.swift in Sources */ = {isa = PBXBuildFile; fileRef = 996B72EF1E68B6EE00842E24 /* ViewController.swift */; };
		996B72F31E68B6EE00842E24 /* Main.storyboard in Resources */ = {isa = PBXBuildFile; fileRef = 996B72F11E68B6EE00842E24 /* Main.storyboard */; };
		996B72F51E68B6EE00842E24 /* Assets.xcassets in Resources */ = {isa = PBXBuildFile; fileRef = 996B72F41E68B6EE00842E24 /* Assets.xcassets */; };
		996B72F81E68B6EE00842E24 /* LaunchScreen.storyboard in Resources */ = {isa = PBXBuildFile; fileRef = 996B72F61E68B6EE00842E24 /* LaunchScreen.storyboard */; };
		996B73031E68B74C00842E24 /* AlertView.swift in Sources */ = {isa = PBXBuildFile; fileRef = 996B73021E68B74C00842E24 /* AlertView.swift */; };
		996B73051E68B75600842E24 /* AlertView.xib in Resources */ = {isa = PBXBuildFile; fileRef = 996B73041E68B75600842E24 /* AlertView.xib */; };
		996B73071E68B89300842E24 /* CustomAlert.swift in Sources */ = {isa = PBXBuildFile; fileRef = 996B73061E68B89300842E24 /* CustomAlert.swift */; };
		996B73091E68BABE00842E24 /* UIButton+Extension.swift in Sources */ = {isa = PBXBuildFile; fileRef = 996B73081E68BABE00842E24 /* UIButton+Extension.swift */; };
/* End PBXBuildFile section */

/* Begin PBXFileReference section */
		996B72EA1E68B6EE00842E24 /* CustomAlertView.app */ = {isa = PBXFileReference; explicitFileType = wrapper.application; includeInIndex = 0; path = CustomAlertView.app; sourceTree = BUILT_PRODUCTS_DIR; };
		996B72ED1E68B6EE00842E24 /* AppDelegate.swift */ = {isa = PBXFileReference; lastKnownFileType = sourcecode.swift; path = AppDelegate.swift; sourceTree = "<group>"; };
		996B72EF1E68B6EE00842E24 /* ViewController.swift */ = {isa = PBXFileReference; lastKnownFileType = sourcecode.swift; path = ViewController.swift; sourceTree = "<group>"; };
		996B72F21E68B6EE00842E24 /* Base */ = {isa = PBXFileReference; lastKnownFileType = file.storyboard; name = Base; path = Base.lproj/Main.storyboard; sourceTree = "<group>"; };
		996B72F41E68B6EE00842E24 /* Assets.xcassets */ = {isa = PBXFileReference; lastKnownFileType = folder.assetcatalog; path = Assets.xcassets; sourceTree = "<group>"; };
		996B72F71E68B6EE00842E24 /* Base */ = {isa = PBXFileReference; lastKnownFileType = file.storyboard; name = Base; path = Base.lproj/LaunchScreen.storyboard; sourceTree = "<group>"; };
		996B72F91E68B6EE00842E24 /* Info.plist */ = {isa = PBXFileReference; lastKnownFileType = text.plist.xml; path = Info.plist; sourceTree = "<group>"; };
		996B73021E68B74C00842E24 /* AlertView.swift */ = {isa = PBXFileReference; fileEncoding = 4; lastKnownFileType = sourcecode.swift; path = AlertView.swift; sourceTree = "<group>"; };
		996B73041E68B75600842E24 /* AlertView.xib */ = {isa = PBXFileReference; fileEncoding = 4; lastKnownFileType = file.xib; path = AlertView.xib; sourceTree = "<group>"; };
		996B73061E68B89300842E24 /* CustomAlert.swift */ = {isa = PBXFileReference; fileEncoding = 4; lastKnownFileType = sourcecode.swift; path = CustomAlert.swift; sourceTree = "<group>"; };
		996B73081E68BABE00842E24 /* UIButton+Extension.swift */ = {isa = PBXFileReference; fileEncoding = 4; lastKnownFileType = sourcecode.swift; path = "UIButton+Extension.swift"; sourceTree = "<group>"; };
/* End PBXFileReference section */

/* Begin PBXFrameworksBuildPhase section */
		996B72E71E68B6ED00842E24 /* Frameworks */ = {
			isa = PBXFrameworksBuildPhase;
			buildActionMask = 2147483647;
			files = (
			);
			runOnlyForDeploymentPostprocessing = 0;
		};
/* End PBXFrameworksBuildPhase section */

/* Begin PBXGroup section */
		996B72E11E68B6ED00842E24 = {
			isa = PBXGroup;
			children = (
				996B72EC1E68B6EE00842E24 /* CustomAlertView */,
				996B72EB1E68B6EE00842E24 /* Products */,
			);
			sourceTree = "<group>";
		};
		996B72EB1E68B6EE00842E24 /* Products */ = {
			isa = PBXGroup;
			children = (
				996B72EA1E68B6EE00842E24 /* CustomAlertView.app */,
			);
			name = Products;
			sourceTree = "<group>";
		};
		996B72EC1E68B6EE00842E24 /* CustomAlertView */ = {
			isa = PBXGroup;
			children = (
				996B73061E68B89300842E24 /* CustomAlert.swift */,
				996B73011E68B72700842E24 /* Views */,
				996B72FF1E68B70C00842E24 /* Controllers */,
				996B72F11E68B6EE00842E24 /* Main.storyboard */,
				996B73001E68B71700842E24 /* Others */,
				996B73081E68BABE00842E24 /* UIButton+Extension.swift */,
			);
			path = CustomAlertView;
			sourceTree = "<group>";
		};
		996B72FF1E68B70C00842E24 /* Controllers */ = {
			isa = PBXGroup;
			children = (
				996B72EF1E68B6EE00842E24 /* ViewController.swift */,
			);
			name = Controllers;
			sourceTree = "<group>";
		};
		996B73001E68B71700842E24 /* Others */ = {
			isa = PBXGroup;
			children = (
				996B72ED1E68B6EE00842E24 /* AppDelegate.swift */,
				996B72F41E68B6EE00842E24 /* Assets.xcassets */,
				996B72F61E68B6EE00842E24 /* LaunchScreen.storyboard */,
				996B72F91E68B6EE00842E24 /* Info.plist */,
			);
			name = Others;
			sourceTree = "<group>";
		};
		996B73011E68B72700842E24 /* Views */ = {
			isa = PBXGroup;
			children = (
				996B73021E68B74C00842E24 /* AlertView.swift */,
				996B73041E68B75600842E24 /* AlertView.xib */,
			);
			name = Views;
			sourceTree = "<group>";
		};
/* End PBXGroup section */

/* Begin PBXNativeTarget section */
		996B72E91E68B6ED00842E24 /* CustomAlertView */ = {
			isa = PBXNativeTarget;
			buildConfigurationList = 996B72FC1E68B6EE00842E24 /* Build configuration list for PBXNativeTarget "CustomAlertView" */;
			buildPhases = (
				996B72E61E68B6ED00842E24 /* Sources */,
				996B72E71E68B6ED00842E24 /* Frameworks */,
				996B72E81E68B6ED00842E24 /* Resources */,
			);
			buildRules = (
			);
			dependencies = (
			);
			name = CustomAlertView;
			productName = CustomAlertView;
			productReference = 996B72EA1E68B6EE00842E24 /* CustomAlertView.app */;
			productType = "com.apple.product-type.application";
		};
/* End PBXNativeTarget section */

/* Begin PBXProject section */
		996B72E21E68B6ED00842E24 /* Project object */ = {
			isa = PBXProject;
			attributes = {
				LastSwiftUpdateCheck = 0820;
				LastUpgradeCheck = 0820;
				ORGANIZATIONNAME = "Dehelean Andrei";
				TargetAttributes = {
					996B72E91E68B6ED00842E24 = {
						CreatedOnToolsVersion = 8.2.1;
						ProvisioningStyle = Automatic;
					};
				};
			};
			buildConfigurationList = 996B72E51E68B6ED00842E24 /* Build configuration list for PBXProject "CustomAlertView" */;
			compatibilityVersion = "Xcode 3.2";
			developmentRegion = English;
			hasScannedForEncodings = 0;
			knownRegions = (
				en,
				Base,
			);
			mainGroup = 996B72E11E68B6ED00842E24;
			productRefGroup = 996B72EB1E68B6EE00842E24 /* Products */;
			projectDirPath = "";
			projectRoot = "";
			targets = (
				996B72E91E68B6ED00842E24 /* CustomAlertView */,
			);
		};
/* End PBXProject section */

/* Begin PBXResourcesBuildPhase section */
		996B72E81E68B6ED00842E24 /* Resources */ = {
			isa = PBXResourcesBuildPhase;
			buildActionMask = 2147483647;
			files = (
				996B72F81E68B6EE00842E24 /* LaunchScreen.storyboard in Resources */,
				996B73051E68B75600842E24 /* AlertView.xib in Resources */,
				996B72F51E68B6EE00842E24 /* Assets.xcassets in Resources */,
				996B72F31E68B6EE00842E24 /* Main.storyboard in Resources */,
			);
			runOnlyForDeploymentPostprocessing = 0;
		};
/* End PBXResourcesBuildPhase section */

/* Begin PBXSourcesBuildPhase section */
		996B72E61E68B6ED00842E24 /* Sources */ = {
			isa = PBXSourcesBuildPhase;
			buildActionMask = 2147483647;
			files = (
				996B72F01E68B6EE00842E24 /* ViewController.swift in Sources */,
				996B72EE1E68B6EE00842E24 /* AppDelegate.swift in Sources */,
				996B73031E68B74C00842E24 /* AlertView.swift in Sources */,
				996B73091E68BABE00842E24 /* UIButton+Extension.swift in Sources */,
				996B73071E68B89300842E24 /* CustomAlert.swift in Sources */,
			);
			runOnlyForDeploymentPostprocessing = 0;
		};
/* End PBXSourcesBuildPhase section */

/* Begin PBXVariantGroup section */
		996B72F11E68B6EE00842E24 /* Main.storyboard */ = {
			isa = PBXVariantGroup;
			children = (
				996B72F21E68B6EE00842E24 /* Base */,
			);
			name = Main.storyboard;
			sourceTree = "<group>";
		};
		996B72F61E68B6EE00842E24 /* LaunchScreen.storyboard */ = {
			isa = PBXVariantGroup;
			children = (
				996B72F71E68B6EE00842E24 /* Base */,
			);
			name = LaunchScreen.storyboard;
			sourceTree = "<group>";
		};
/* End PBXVariantGroup section */

/* Begin XCBuildConfiguration section */
		996B72FA1E68B6EE00842E24 /* Debug */ = {
			isa = XCBuildConfiguration;
			buildSettings = {
				ALWAYS_SEARCH_USER_PATHS = NO;
				CLANG_ANALYZER_NONNULL = YES;
				CLANG_CXX_LANGUAGE_STANDARD = "gnu++0x";
				CLANG_CXX_LIBRARY = "libc++";
				CLANG_ENABLE_MODULES = YES;
				CLANG_ENABLE_OBJC_ARC = YES;
				CLANG_WARN_BOOL_CONVERSION = YES;
				CLANG_WARN_CONSTANT_CONVERSION = YES;
				CLANG_WARN_DIRECT_OBJC_ISA_USAGE = YES_ERROR;
				CLANG_WARN_DOCUMENTATION_COMMENTS = YES;
				CLANG_WARN_EMPTY_BODY = YES;
				CLANG_WARN_ENUM_CONVERSION = YES;
				CLANG_WARN_INFINITE_RECURSION = YES;
				CLANG_WARN_INT_CONVERSION = YES;
				CLANG_WARN_OBJC_ROOT_CLASS = YES_ERROR;
				CLANG_WARN_SUSPICIOUS_MOVE = YES;
				CLANG_WARN_UNREACHABLE_CODE = YES;
				CLANG_WARN__DUPLICATE_METHOD_MATCH = YES;
				"CODE_SIGN_IDENTITY[sdk=iphoneos*]" = "iPhone Developer";
				COPY_PHASE_STRIP = NO;
				DEBUG_INFORMATION_FORMAT = dwarf;
				ENABLE_STRICT_OBJC_MSGSEND = YES;
				ENABLE_TESTABILITY = YES;
				GCC_C_LANGUAGE_STANDARD = gnu99;
				GCC_DYNAMIC_NO_PIC = NO;
				GCC_NO_COMMON_BLOCKS = YES;
				GCC_OPTIMIZATION_LEVEL = 0;
				GCC_PREPROCESSOR_DEFINITIONS = (
					"DEBUG=1",
					"$(inherited)",
				);
				GCC_WARN_64_TO_32_BIT_CONVERSION = YES;
				GCC_WARN_ABOUT_RETURN_TYPE = YES_ERROR;
				GCC_WARN_UNDECLARED_SELECTOR = YES;
				GCC_WARN_UNINITIALIZED_AUTOS = YES_AGGRESSIVE;
				GCC_WARN_UNUSED_FUNCTION = YES;
				GCC_WARN_UNUSED_VARIABLE = YES;
				IPHONEOS_DEPLOYMENT_TARGET = 10.2;
				MTL_ENABLE_DEBUG_INFO = YES;
				ONLY_ACTIVE_ARCH = YES;
				SDKROOT = iphoneos;
				SWIFT_ACTIVE_COMPILATION_CONDITIONS = DEBUG;
				SWIFT_OPTIMIZATION_LEVEL = "-Onone";
			};
			name = Debug;
		};
		996B72FB1E68B6EE00842E24 /* Release */ = {
			isa = XCBuildConfiguration;
			buildSettings = {
				ALWAYS_SEARCH_USER_PATHS = NO;
				CLANG_ANALYZER_NONNULL = YES;
				CLANG_CXX_LANGUAGE_STANDARD = "gnu++0x";
				CLANG_CXX_LIBRARY = "libc++";
				CLANG_ENABLE_MODULES = YES;
				CLANG_ENABLE_OBJC_ARC = YES;
				CLANG_WARN_BOOL_CONVERSION = YES;
				CLANG_WARN_CONSTANT_CONVERSION = YES;
				CLANG_WARN_DIRECT_OBJC_ISA_USAGE = YES_ERROR;
				CLANG_WARN_DOCUMENTATION_COMMENTS = YES;
				CLANG_WARN_EMPTY_BODY = YES;
				CLANG_WARN_ENUM_CONVERSION = YES;
				CLANG_WARN_INFINITE_RECURSION = YES;
				CLANG_WARN_INT_CONVERSION = YES;
				CLANG_WARN_OBJC_ROOT_CLASS = YES_ERROR;
				CLANG_WARN_SUSPICIOUS_MOVE = YES;
				CLANG_WARN_UNREACHABLE_CODE = YES;
				CLANG_WARN__DUPLICATE_METHOD_MATCH = YES;
				"CODE_SIGN_IDENTITY[sdk=iphoneos*]" = "iPhone Developer";
				COPY_PHASE_STRIP = NO;
				DEBUG_INFORMATION_FORMAT = "dwarf-with-dsym";
				ENABLE_NS_ASSERTIONS = NO;
				ENABLE_STRICT_OBJC_MSGSEND = YES;
				GCC_C_LANGUAGE_STANDARD = gnu99;
				GCC_NO_COMMON_BLOCKS = YES;
				GCC_WARN_64_TO_32_BIT_CONVERSION = YES;
				GCC_WARN_ABOUT_RETURN_TYPE = YES_ERROR;
				GCC_WARN_UNDECLARED_SELECTOR = YES;
				GCC_WARN_UNINITIALIZED_AUTOS = YES_AGGRESSIVE;
				GCC_WARN_UNUSED_FUNCTION = YES;
				GCC_WARN_UNUSED_VARIABLE = YES;
				IPHONEOS_DEPLOYMENT_TARGET = 10.2;
				MTL_ENABLE_DEBUG_INFO = NO;
				SDKROOT = iphoneos;
				SWIFT_OPTIMIZATION_LEVEL = "-Owholemodule";
				VALIDATE_PRODUCT = YES;
			};
			name = Release;
		};
		996B72FD1E68B6EE00842E24 /* Debug */ = {
			isa = XCBuildConfiguration;
			buildSettings = {
				ASSETCATALOG_COMPILER_APPICON_NAME = AppIcon;
				INFOPLIST_FILE = CustomAlertView/Info.plist;
				LD_RUNPATH_SEARCH_PATHS = "$(inherited) @executable_path/Frameworks";
				PRODUCT_BUNDLE_IDENTIFIER = andid.CustomAlertView;
				PRODUCT_NAME = "$(TARGET_NAME)";
				SWIFT_VERSION = 3.0;
			};
			name = Debug;
		};
		996B72FE1E68B6EE00842E24 /* Release */ = {
			isa = XCBuildConfiguration;
			buildSettings = {
				ASSETCATALOG_COMPILER_APPICON_NAME = AppIcon;
				INFOPLIST_FILE = CustomAlertView/Info.plist;
				LD_RUNPATH_SEARCH_PATHS = "$(inherited) @executable_path/Frameworks";
				PRODUCT_BUNDLE_IDENTIFIER = andid.CustomAlertView;
				PRODUCT_NAME = "$(TARGET_NAME)";
				SWIFT_VERSION = 3.0;
			};
			name = Release;
		};
/* End XCBuildConfiguration section */

/* Begin XCConfigurationList section */
		996B72E51E68B6ED00842E24 /* Build configuration list for PBXProject "CustomAlertView" */ = {
			isa = XCConfigurationList;
			buildConfigurations = (
				996B72FA1E68B6EE00842E24 /* Debug */,
				996B72FB1E68B6EE00842E24 /* Release */,
			);
			defaultConfigurationIsVisible = 0;
			defaultConfigurationName = Release;
		};
		996B72FC1E68B6EE00842E24 /* Build configuration list for PBXNativeTarget "CustomAlertView" */ = {
			isa = XCConfigurationList;
			buildConfigurations = (
				996B72FD1E68B6EE00842E24 /* Debug */,
				996B72FE1E68B6EE00842E24 /* Release */,
			);
			defaultConfigurationIsVisible = 0;
		};
/* End XCConfigurationList section */
	};
	rootObject = 996B72E21E68B6ED00842E24 /* Project object */;
}
