// !$*UTF8*$!
{
	archiveVersion = 1;
	classes = {
	};
	objectVersion = 46;
	objects = {

/* Begin PBXBuildFile section */
		99F872081E6BF84700B04842 /* AppDelegate.swift in Sources */ = {isa = PBXBuildFile; fileRef = 99F872071E6BF84700B04842 /* AppDelegate.swift */; };
		99F8720A1E6BF84700B04842 /* ViewController.swift in Sources */ = {isa = PBXBuildFile; fileRef = 99F872091E6BF84700B04842 /* ViewController.swift */; };
		99F8720D1E6BF84700B04842 /* Main.storyboard in Resources */ = {isa = PBXBuildFile; fileRef = 99F8720B1E6BF84700B04842 /* Main.storyboard */; };
		99F8720F1E6BF84700B04842 /* Assets.xcassets in Resources */ = {isa = PBXBuildFile; fileRef = 99F8720E1E6BF84700B04842 /* Assets.xcassets */; };
		99F872121E6BF84700B04842 /* LaunchScreen.storyboard in Resources */ = {isa = PBXBuildFile; fileRef = 99F872101E6BF84700B04842 /* LaunchScreen.storyboard */; };
		99F8721E1E6BFEB400B04842 /* MenuView.swift in Sources */ = {isa = PBXBuildFile; fileRef = 99F8721D1E6BFEB400B04842 /* MenuView.swift */; };
		99F872201E6BFEBD00B04842 /* MenuView.xib in Resources */ = {isa = PBXBuildFile; fileRef = 99F8721F1E6BFEBD00B04842 /* MenuView.xib */; };
		99F872231E6C1AB700B04842 /* MenuCell.swift in Sources */ = {isa = PBXBuildFile; fileRef = 99F872211E6C1AB700B04842 /* MenuCell.swift */; };
		99F872241E6C1AB700B04842 /* MenuCell.xib in Resources */ = {isa = PBXBuildFile; fileRef = 99F872221E6C1AB700B04842 /* MenuCell.xib */; };
/* End PBXBuildFile section */

/* Begin PBXFileReference section */
		99F872041E6BF84700B04842 /* SpinnerCustomComponent.app */ = {isa = PBXFileReference; explicitFileType = wrapper.application; includeInIndex = 0; path = SpinnerCustomComponent.app; sourceTree = BUILT_PRODUCTS_DIR; };
		99F872071E6BF84700B04842 /* AppDelegate.swift */ = {isa = PBXFileReference; lastKnownFileType = sourcecode.swift; path = AppDelegate.swift; sourceTree = "<group>"; };
		99F872091E6BF84700B04842 /* ViewController.swift */ = {isa = PBXFileReference; lastKnownFileType = sourcecode.swift; path = ViewController.swift; sourceTree = "<group>"; };
		99F8720C1E6BF84700B04842 /* Base */ = {isa = PBXFileReference; lastKnownFileType = file.storyboard; name = Base; path = Base.lproj/Main.storyboard; sourceTree = "<group>"; };
		99F8720E1E6BF84700B04842 /* Assets.xcassets */ = {isa = PBXFileReference; lastKnownFileType = folder.assetcatalog; path = Assets.xcassets; sourceTree = "<group>"; };
		99F872111E6BF84700B04842 /* Base */ = {isa = PBXFileReference; lastKnownFileType = file.storyboard; name = Base; path = Base.lproj/LaunchScreen.storyboard; sourceTree = "<group>"; };
		99F872131E6BF84700B04842 /* Info.plist */ = {isa = PBXFileReference; lastKnownFileType = text.plist.xml; path = Info.plist; sourceTree = "<group>"; };
		99F8721D1E6BFEB400B04842 /* MenuView.swift */ = {isa = PBXFileReference; fileEncoding = 4; lastKnownFileType = sourcecode.swift; path = MenuView.swift; sourceTree = "<group>"; };
		99F8721F1E6BFEBD00B04842 /* MenuView.xib */ = {isa = PBXFileReference; fileEncoding = 4; lastKnownFileType = file.xib; path = MenuView.xib; sourceTree = "<group>"; };
		99F872211E6C1AB700B04842 /* MenuCell.swift */ = {isa = PBXFileReference; fileEncoding = 4; lastKnownFileType = sourcecode.swift; path = MenuCell.swift; sourceTree = "<group>"; };
		99F872221E6C1AB700B04842 /* MenuCell.xib */ = {isa = PBXFileReference; fileEncoding = 4; lastKnownFileType = file.xib; path = MenuCell.xib; sourceTree = "<group>"; };
/* End PBXFileReference section */

/* Begin PBXFrameworksBuildPhase section */
		99F872011E6BF84700B04842 /* Frameworks */ = {
			isa = PBXFrameworksBuildPhase;
			buildActionMask = 2147483647;
			files = (
			);
			runOnlyForDeploymentPostprocessing = 0;
		};
/* End PBXFrameworksBuildPhase section */

/* Begin PBXGroup section */
		99F871FB1E6BF84700B04842 = {
			isa = PBXGroup;
			children = (
				99F872061E6BF84700B04842 /* SpinnerCustomComponent */,
				99F872051E6BF84700B04842 /* Products */,
			);
			sourceTree = "<group>";
		};
		99F872051E6BF84700B04842 /* Products */ = {
			isa = PBXGroup;
			children = (
				99F872041E6BF84700B04842 /* SpinnerCustomComponent.app */,
			);
			name = Products;
			sourceTree = "<group>";
		};
		99F872061E6BF84700B04842 /* SpinnerCustomComponent */ = {
			isa = PBXGroup;
			children = (
				99F8721B1E6BF85A00B04842 /* Controllers */,
				99F872191E6BF85000B04842 /* Views */,
				99F8720B1E6BF84700B04842 /* Main.storyboard */,
				99F8721C1E6BF85E00B04842 /* Others */,
			);
			path = SpinnerCustomComponent;
			sourceTree = "<group>";
		};
		99F872191E6BF85000B04842 /* Views */ = {
			isa = PBXGroup;
			children = (
				99F8721D1E6BFEB400B04842 /* MenuView.swift */,
				99F8721F1E6BFEBD00B04842 /* MenuView.xib */,
				99F872211E6C1AB700B04842 /* MenuCell.swift */,
				99F872221E6C1AB700B04842 /* MenuCell.xib */,
			);
			name = Views;
			sourceTree = "<group>";
		};
		99F8721B1E6BF85A00B04842 /* Controllers */ = {
			isa = PBXGroup;
			children = (
				99F872091E6BF84700B04842 /* ViewController.swift */,
			);
			name = Controllers;
			sourceTree = "<group>";
		};
		99F8721C1E6BF85E00B04842 /* Others */ = {
			isa = PBXGroup;
			children = (
				99F872071E6BF84700B04842 /* AppDelegate.swift */,
				99F8720E1E6BF84700B04842 /* Assets.xcassets */,
				99F872101E6BF84700B04842 /* LaunchScreen.storyboard */,
				99F872131E6BF84700B04842 /* Info.plist */,
			);
			name = Others;
			sourceTree = "<group>";
		};
/* End PBXGroup section */

/* Begin PBXNativeTarget section */
		99F872031E6BF84700B04842 /* SpinnerCustomComponent */ = {
			isa = PBXNativeTarget;
			buildConfigurationList = 99F872161E6BF84700B04842 /* Build configuration list for PBXNativeTarget "SpinnerCustomComponent" */;
			buildPhases = (
				99F872001E6BF84700B04842 /* Sources */,
				99F872011E6BF84700B04842 /* Frameworks */,
				99F872021E6BF84700B04842 /* Resources */,
			);
			buildRules = (
			);
			dependencies = (
			);
			name = SpinnerCustomComponent;
			productName = SpinnerCustomComponent;
			productReference = 99F872041E6BF84700B04842 /* SpinnerCustomComponent.app */;
			productType = "com.apple.product-type.application";
		};
/* End PBXNativeTarget section */

/* Begin PBXProject section */
		99F871FC1E6BF84700B04842 /* Project object */ = {
			isa = PBXProject;
			attributes = {
				LastSwiftUpdateCheck = 0820;
				LastUpgradeCheck = 0820;
				ORGANIZATIONNAME = "Dehelean Andrei";
				TargetAttributes = {
					99F872031E6BF84700B04842 = {
						CreatedOnToolsVersion = 8.2.1;
						ProvisioningStyle = Automatic;
					};
				};
			};
			buildConfigurationList = 99F871FF1E6BF84700B04842 /* Build configuration list for PBXProject "SpinnerCustomComponent" */;
			compatibilityVersion = "Xcode 3.2";
			developmentRegion = English;
			hasScannedForEncodings = 0;
			knownRegions = (
				en,
				Base,
			);
			mainGroup = 99F871FB1E6BF84700B04842;
			productRefGroup = 99F872051E6BF84700B04842 /* Products */;
			projectDirPath = "";
			projectRoot = "";
			targets = (
				99F872031E6BF84700B04842 /* SpinnerCustomComponent */,
			);
		};
/* End PBXProject section */

/* Begin PBXResourcesBuildPhase section */
		99F872021E6BF84700B04842 /* Resources */ = {
			isa = PBXResourcesBuildPhase;
			buildActionMask = 2147483647;
			files = (
				99F872121E6BF84700B04842 /* LaunchScreen.storyboard in Resources */,
				99F872201E6BFEBD00B04842 /* MenuView.xib in Resources */,
				99F872241E6C1AB700B04842 /* MenuCell.xib in Resources */,
				99F8720F1E6BF84700B04842 /* Assets.xcassets in Resources */,
				99F8720D1E6BF84700B04842 /* Main.storyboard in Resources */,
			);
			runOnlyForDeploymentPostprocessing = 0;
		};
/* End PBXResourcesBuildPhase section */

/* Begin PBXSourcesBuildPhase section */
		99F872001E6BF84700B04842 /* Sources */ = {
			isa = PBXSourcesBuildPhase;
			buildActionMask = 2147483647;
			files = (
				99F8720A1E6BF84700B04842 /* ViewController.swift in Sources */,
				99F8721E1E6BFEB400B04842 /* MenuView.swift in Sources */,
				99F872231E6C1AB700B04842 /* MenuCell.swift in Sources */,
				99F872081E6BF84700B04842 /* AppDelegate.swift in Sources */,
			);
			runOnlyForDeploymentPostprocessing = 0;
		};
/* End PBXSourcesBuildPhase section */

/* Begin PBXVariantGroup section */
		99F8720B1E6BF84700B04842 /* Main.storyboard */ = {
			isa = PBXVariantGroup;
			children = (
				99F8720C1E6BF84700B04842 /* Base */,
			);
			name = Main.storyboard;
			sourceTree = "<group>";
		};
		99F872101E6BF84700B04842 /* LaunchScreen.storyboard */ = {
			isa = PBXVariantGroup;
			children = (
				99F872111E6BF84700B04842 /* Base */,
			);
			name = LaunchScreen.storyboard;
			sourceTree = "<group>";
		};
/* End PBXVariantGroup section */

/* Begin XCBuildConfiguration section */
		99F872141E6BF84700B04842 /* Debug */ = {
			isa = XCBuildConfiguration;
			buildSettings = {
				ALWAYS_SEARCH_USER_PATHS = NO;
				CLANG_ANALYZER_NONNULL = YES;
				CLANG_CXX_LANGUAGE_STANDARD = "gnu++0x";
				CLANG_CXX_LIBRARY = "libc++";
				CLANG_ENABLE_MODULES = YES;
				CLANG_ENABLE_OBJC_ARC = YES;
				CLANG_WARN_BOOL_CONVERSION = YES;
				CLANG_WARN_CONSTANT_CONVERSION = YES;
				CLANG_WARN_DIRECT_OBJC_ISA_USAGE = YES_ERROR;
				CLANG_WARN_DOCUMENTATION_COMMENTS = YES;
				CLANG_WARN_EMPTY_BODY = YES;
				CLANG_WARN_ENUM_CONVERSION = YES;
				CLANG_WARN_INFINITE_RECURSION = YES;
				CLANG_WARN_INT_CONVERSION = YES;
				CLANG_WARN_OBJC_ROOT_CLASS = YES_ERROR;
				CLANG_WARN_SUSPICIOUS_MOVE = YES;
				CLANG_WARN_UNREACHABLE_CODE = YES;
				CLANG_WARN__DUPLICATE_METHOD_MATCH = YES;
				"CODE_SIGN_IDENTITY[sdk=iphoneos*]" = "iPhone Developer";
				COPY_PHASE_STRIP = NO;
				DEBUG_INFORMATION_FORMAT = dwarf;
				ENABLE_STRICT_OBJC_MSGSEND = YES;
				ENABLE_TESTABILITY = YES;
				GCC_C_LANGUAGE_STANDARD = gnu99;
				GCC_DYNAMIC_NO_PIC = NO;
				GCC_NO_COMMON_BLOCKS = YES;
				GCC_OPTIMIZATION_LEVEL = 0;
				GCC_PREPROCESSOR_DEFINITIONS = (
					"DEBUG=1",
					"$(inherited)",
				);
				GCC_WARN_64_TO_32_BIT_CONVERSION = YES;
				GCC_WARN_ABOUT_RETURN_TYPE = YES_ERROR;
				GCC_WARN_UNDECLARED_SELECTOR = YES;
				GCC_WARN_UNINITIALIZED_AUTOS = YES_AGGRESSIVE;
				GCC_WARN_UNUSED_FUNCTION = YES;
				GCC_WARN_UNUSED_VARIABLE = YES;
				IPHONEOS_DEPLOYMENT_TARGET = 10.2;
				MTL_ENABLE_DEBUG_INFO = YES;
				ONLY_ACTIVE_ARCH = YES;
				SDKROOT = iphoneos;
				SWIFT_ACTIVE_COMPILATION_CONDITIONS = DEBUG;
				SWIFT_OPTIMIZATION_LEVEL = "-Onone";
			};
			name = Debug;
		};
		99F872151E6BF84700B04842 /* Release */ = {
			isa = XCBuildConfiguration;
			buildSettings = {
				ALWAYS_SEARCH_USER_PATHS = NO;
				CLANG_ANALYZER_NONNULL = YES;
				CLANG_CXX_LANGUAGE_STANDARD = "gnu++0x";
				CLANG_CXX_LIBRARY = "libc++";
				CLANG_ENABLE_MODULES = YES;
				CLANG_ENABLE_OBJC_ARC = YES;
				CLANG_WARN_BOOL_CONVERSION = YES;
				CLANG_WARN_CONSTANT_CONVERSION = YES;
				CLANG_WARN_DIRECT_OBJC_ISA_USAGE = YES_ERROR;
				CLANG_WARN_DOCUMENTATION_COMMENTS = YES;
				CLANG_WARN_EMPTY_BODY = YES;
				CLANG_WARN_ENUM_CONVERSION = YES;
				CLANG_WARN_INFINITE_RECURSION = YES;
				CLANG_WARN_INT_CONVERSION = YES;
				CLANG_WARN_OBJC_ROOT_CLASS = YES_ERROR;
				CLANG_WARN_SUSPICIOUS_MOVE = YES;
				CLANG_WARN_UNREACHABLE_CODE = YES;
				CLANG_WARN__DUPLICATE_METHOD_MATCH = YES;
				"CODE_SIGN_IDENTITY[sdk=iphoneos*]" = "iPhone Developer";
				COPY_PHASE_STRIP = NO;
				DEBUG_INFORMATION_FORMAT = "dwarf-with-dsym";
				ENABLE_NS_ASSERTIONS = NO;
				ENABLE_STRICT_OBJC_MSGSEND = YES;
				GCC_C_LANGUAGE_STANDARD = gnu99;
				GCC_NO_COMMON_BLOCKS = YES;
				GCC_WARN_64_TO_32_BIT_CONVERSION = YES;
				GCC_WARN_ABOUT_RETURN_TYPE = YES_ERROR;
				GCC_WARN_UNDECLARED_SELECTOR = YES;
				GCC_WARN_UNINITIALIZED_AUTOS = YES_AGGRESSIVE;
				GCC_WARN_UNUSED_FUNCTION = YES;
				GCC_WARN_UNUSED_VARIABLE = YES;
				IPHONEOS_DEPLOYMENT_TARGET = 10.2;
				MTL_ENABLE_DEBUG_INFO = NO;
				SDKROOT = iphoneos;
				SWIFT_OPTIMIZATION_LEVEL = "-Owholemodule";
				VALIDATE_PRODUCT = YES;
			};
			name = Release;
		};
		99F872171E6BF84700B04842 /* Debug */ = {
			isa = XCBuildConfiguration;
			buildSettings = {
				ASSETCATALOG_COMPILER_APPICON_NAME = AppIcon;
				INFOPLIST_FILE = SpinnerCustomComponent/Info.plist;
				LD_RUNPATH_SEARCH_PATHS = "$(inherited) @executable_path/Frameworks";
				PRODUCT_BUNDLE_IDENTIFIER = andid.SpinnerCustomComponent;
				PRODUCT_NAME = "$(TARGET_NAME)";
				SWIFT_VERSION = 3.0;
			};
			name = Debug;
		};
		99F872181E6BF84700B04842 /* Release */ = {
			isa = XCBuildConfiguration;
			buildSettings = {
				ASSETCATALOG_COMPILER_APPICON_NAME = AppIcon;
				INFOPLIST_FILE = SpinnerCustomComponent/Info.plist;
				LD_RUNPATH_SEARCH_PATHS = "$(inherited) @executable_path/Frameworks";
				PRODUCT_BUNDLE_IDENTIFIER = andid.SpinnerCustomComponent;
				PRODUCT_NAME = "$(TARGET_NAME)";
				SWIFT_VERSION = 3.0;
			};
			name = Release;
		};
/* End XCBuildConfiguration section */

/* Begin XCConfigurationList section */
		99F871FF1E6BF84700B04842 /* Build configuration list for PBXProject "SpinnerCustomComponent" */ = {
			isa = XCConfigurationList;
			buildConfigurations = (
				99F872141E6BF84700B04842 /* Debug */,
				99F872151E6BF84700B04842 /* Release */,
			);
			defaultConfigurationIsVisible = 0;
			defaultConfigurationName = Release;
		};
		99F872161E6BF84700B04842 /* Build configuration list for PBXNativeTarget "SpinnerCustomComponent" */ = {
			isa = XCConfigurationList;
			buildConfigurations = (
				99F872171E6BF84700B04842 /* Debug */,
				99F872181E6BF84700B04842 /* Release */,
			);
			defaultConfigurationIsVisible = 0;
		};
/* End XCConfigurationList section */
	};
	rootObject = 99F871FC1E6BF84700B04842 /* Project object */;
}
