// !$*UTF8*$!
{
	archiveVersion = 1;
	classes = {
	};
	objectVersion = 48;
	objects = {

/* Begin PBXBuildFile section */
		99ED88BF1E65F27A00ADBAD1 /* AppDelegate.swift in Sources */ = {isa = PBXBuildFile; fileRef = 99ED88BE1E65F27A00ADBAD1 /* AppDelegate.swift */; };
		99ED88C11E65F27A00ADBAD1 /* ViewController.swift in Sources */ = {isa = PBXBuildFile; fileRef = 99ED88C01E65F27A00ADBAD1 /* ViewController.swift */; };
		99ED88C41E65F27A00ADBAD1 /* Main.storyboard in Resources */ = {isa = PBXBuildFile; fileRef = 99ED88C21E65F27A00ADBAD1 /* Main.storyboard */; };
		99ED88C61E65F27A00ADBAD1 /* Assets.xcassets in Resources */ = {isa = PBXBuildFile; fileRef = 99ED88C51E65F27A00ADBAD1 /* Assets.xcassets */; };
		99ED88C91E65F27A00ADBAD1 /* LaunchScreen.storyboard in Resources */ = {isa = PBXBuildFile; fileRef = 99ED88C71E65F27A00ADBAD1 /* LaunchScreen.storyboard */; };
/* End PBXBuildFile section */

/* Begin PBXFileReference section */
		99ED88BB1E65F27A00ADBAD1 /* CircleTransition.app */ = {isa = PBXFileReference; explicitFileType = wrapper.application; includeInIndex = 0; path = CircleTransition.app; sourceTree = BUILT_PRODUCTS_DIR; };
		99ED88BE1E65F27A00ADBAD1 /* AppDelegate.swift */ = {isa = PBXFileReference; lastKnownFileType = sourcecode.swift; path = AppDelegate.swift; sourceTree = "<group>"; };
		99ED88C01E65F27A00ADBAD1 /* ViewController.swift */ = {isa = PBXFileReference; lastKnownFileType = sourcecode.swift; path = ViewController.swift; sourceTree = "<group>"; };
		99ED88C31E65F27A00ADBAD1 /* Base */ = {isa = PBXFileReference; lastKnownFileType = file.storyboard; name = Base; path = Base.lproj/Main.storyboard; sourceTree = "<group>"; };
		99ED88C51E65F27A00ADBAD1 /* Assets.xcassets */ = {isa = PBXFileReference; lastKnownFileType = folder.assetcatalog; path = Assets.xcassets; sourceTree = "<group>"; };
		99ED88C81E65F27A00ADBAD1 /* Base */ = {isa = PBXFileReference; lastKnownFileType = file.storyboard; name = Base; path = Base.lproj/LaunchScreen.storyboard; sourceTree = "<group>"; };
		99ED88CA1E65F27A00ADBAD1 /* Info.plist */ = {isa = PBXFileReference; lastKnownFileType = text.plist.xml; path = Info.plist; sourceTree = "<group>"; };
/* End PBXFileReference section */

/* Begin PBXFrameworksBuildPhase section */
		99ED88B81E65F27900ADBAD1 /* Frameworks */ = {
			isa = PBXFrameworksBuildPhase;
			buildActionMask = 2147483647;
			files = (
			);
			runOnlyForDeploymentPostprocessing = 0;
		};
/* End PBXFrameworksBuildPhase section */

/* Begin PBXGroup section */
		99ED88B21E65F27900ADBAD1 = {
			isa = PBXGroup;
			children = (
				99ED88BD1E65F27A00ADBAD1 /* CircleTransition */,
				99ED88BC1E65F27A00ADBAD1 /* Products */,
			);
			sourceTree = "<group>";
		};
		99ED88BC1E65F27A00ADBAD1 /* Products */ = {
			isa = PBXGroup;
			children = (
				99ED88BB1E65F27A00ADBAD1 /* CircleTransition.app */,
			);
			name = Products;
			sourceTree = "<group>";
		};
		99ED88BD1E65F27A00ADBAD1 /* CircleTransition */ = {
			isa = PBXGroup;
			children = (
				99ED88D01E65F28B00ADBAD1 /* ViewControllers */,
				99ED88C21E65F27A00ADBAD1 /* Main.storyboard */,
				99ED88D11E65F38C00ADBAD1 /* Supporting Files */,
			);
			path = CircleTransition;
			sourceTree = "<group>";
		};
		99ED88D01E65F28B00ADBAD1 /* ViewControllers */ = {
			isa = PBXGroup;
			children = (
				99ED88C01E65F27A00ADBAD1 /* ViewController.swift */,
			);
			name = ViewControllers;
			sourceTree = "<group>";
		};
		99ED88D11E65F38C00ADBAD1 /* Supporting Files */ = {
			isa = PBXGroup;
			children = (
				99ED88C51E65F27A00ADBAD1 /* Assets.xcassets */,
				99ED88BE1E65F27A00ADBAD1 /* AppDelegate.swift */,
				99ED88C71E65F27A00ADBAD1 /* LaunchScreen.storyboard */,
				99ED88CA1E65F27A00ADBAD1 /* Info.plist */,
			);
			name = "Supporting Files";
			sourceTree = "<group>";
		};
/* End PBXGroup section */

/* Begin PBXNativeTarget section */
		99ED88BA1E65F27900ADBAD1 /* CircleTransition */ = {
			isa = PBXNativeTarget;
			buildConfigurationList = 99ED88CD1E65F27A00ADBAD1 /* Build configuration list for PBXNativeTarget "CircleTransition" */;
			buildPhases = (
				99ED88B71E65F27900ADBAD1 /* Sources */,
				99ED88B81E65F27900ADBAD1 /* Frameworks */,
				99ED88B91E65F27900ADBAD1 /* Resources */,
			);
			buildRules = (
			);
			dependencies = (
			);
			name = CircleTransition;
			productName = CircleTransition;
			productReference = 99ED88BB1E65F27A00ADBAD1 /* CircleTransition.app */;
			productType = "com.apple.product-type.application";
		};
/* End PBXNativeTarget section */

/* Begin PBXProject section */
		99ED88B31E65F27900ADBAD1 /* Project object */ = {
			isa = PBXProject;
			attributes = {
				LastSwiftUpdateCheck = 0820;
				LastUpgradeCheck = 0820;
				ORGANIZATIONNAME = "Dehelean Andrei";
				TargetAttributes = {
					99ED88BA1E65F27900ADBAD1 = {
						CreatedOnToolsVersion = 8.2.1;
						ProvisioningStyle = Automatic;
					};
				};
			};
			buildConfigurationList = 99ED88B61E65F27900ADBAD1 /* Build configuration list for PBXProject "CircleTransition" */;
			compatibilityVersion = "Xcode 8.0";
			developmentRegion = English;
			hasScannedForEncodings = 0;
			knownRegions = (
				en,
				Base,
			);
			mainGroup = 99ED88B21E65F27900ADBAD1;
			productRefGroup = 99ED88BC1E65F27A00ADBAD1 /* Products */;
			projectDirPath = "";
			projectRoot = "";
			targets = (
				99ED88BA1E65F27900ADBAD1 /* CircleTransition */,
			);
		};
/* End PBXProject section */

/* Begin PBXResourcesBuildPhase section */
		99ED88B91E65F27900ADBAD1 /* Resources */ = {
			isa = PBXResourcesBuildPhase;
			buildActionMask = 2147483647;
			files = (
				99ED88C91E65F27A00ADBAD1 /* LaunchScreen.storyboard in Resources */,
				99ED88C61E65F27A00ADBAD1 /* Assets.xcassets in Resources */,
				99ED88C41E65F27A00ADBAD1 /* Main.storyboard in Resources */,
			);
			runOnlyForDeploymentPostprocessing = 0;
		};
/* End PBXResourcesBuildPhase section */

/* Begin PBXSourcesBuildPhase section */
		99ED88B71E65F27900ADBAD1 /* Sources */ = {
			isa = PBXSourcesBuildPhase;
			buildActionMask = 2147483647;
			files = (
				99ED88C11E65F27A00ADBAD1 /* ViewController.swift in Sources */,
				99ED88BF1E65F27A00ADBAD1 /* AppDelegate.swift in Sources */,
			);
			runOnlyForDeploymentPostprocessing = 0;
		};
/* End PBXSourcesBuildPhase section */

/* Begin PBXVariantGroup section */
		99ED88C21E65F27A00ADBAD1 /* Main.storyboard */ = {
			isa = PBXVariantGroup;
			children = (
				99ED88C31E65F27A00ADBAD1 /* Base */,
			);
			name = Main.storyboard;
			sourceTree = "<group>";
		};
		99ED88C71E65F27A00ADBAD1 /* LaunchScreen.storyboard */ = {
			isa = PBXVariantGroup;
			children = (
				99ED88C81E65F27A00ADBAD1 /* Base */,
			);
			name = LaunchScreen.storyboard;
			sourceTree = "<group>";
		};
/* End PBXVariantGroup section */

/* Begin XCBuildConfiguration section */
		99ED88CB1E65F27A00ADBAD1 /* Debug */ = {
			isa = XCBuildConfiguration;
			buildSettings = {
				ALWAYS_SEARCH_USER_PATHS = NO;
				CLANG_ANALYZER_NONNULL = YES;
				CLANG_CXX_LANGUAGE_STANDARD = "gnu++0x";
				CLANG_CXX_LIBRARY = "libc++";
				CLANG_ENABLE_MODULES = YES;
				CLANG_ENABLE_OBJC_ARC = YES;
				CLANG_WARN_BOOL_CONVERSION = YES;
				CLANG_WARN_CONSTANT_CONVERSION = YES;
				CLANG_WARN_DIRECT_OBJC_ISA_USAGE = YES_ERROR;
				CLANG_WARN_DOCUMENTATION_COMMENTS = YES;
				CLANG_WARN_EMPTY_BODY = YES;
				CLANG_WARN_ENUM_CONVERSION = YES;
				CLANG_WARN_INFINITE_RECURSION = YES;
				CLANG_WARN_INT_CONVERSION = YES;
				CLANG_WARN_OBJC_ROOT_CLASS = YES_ERROR;
				CLANG_WARN_SUSPICIOUS_MOVE = YES;
				CLANG_WARN_UNREACHABLE_CODE = YES;
				CLANG_WARN__DUPLICATE_METHOD_MATCH = YES;
				"CODE_SIGN_IDENTITY[sdk=iphoneos*]" = "iPhone Developer";
				COPY_PHASE_STRIP = NO;
				DEBUG_INFORMATION_FORMAT = dwarf;
				ENABLE_STRICT_OBJC_MSGSEND = YES;
				ENABLE_TESTABILITY = YES;
				GCC_C_LANGUAGE_STANDARD = gnu99;
				GCC_DYNAMIC_NO_PIC = NO;
				GCC_NO_COMMON_BLOCKS = YES;
				GCC_OPTIMIZATION_LEVEL = 0;
				GCC_PREPROCESSOR_DEFINITIONS = (
					"DEBUG=1",
					"$(inherited)",
				);
				GCC_WARN_64_TO_32_BIT_CONVERSION = YES;
				GCC_WARN_ABOUT_RETURN_TYPE = YES_ERROR;
				GCC_WARN_UNDECLARED_SELECTOR = YES;
				GCC_WARN_UNINITIALIZED_AUTOS = YES_AGGRESSIVE;
				GCC_WARN_UNUSED_FUNCTION = YES;
				GCC_WARN_UNUSED_VARIABLE = YES;
				IPHONEOS_DEPLOYMENT_TARGET = 10.2;
				MTL_ENABLE_DEBUG_INFO = YES;
				ONLY_ACTIVE_ARCH = YES;
				SDKROOT = iphoneos;
				SWIFT_ACTIVE_COMPILATION_CONDITIONS = DEBUG;
				SWIFT_OPTIMIZATION_LEVEL = "-Onone";
			};
			name = Debug;
		};
		99ED88CC1E65F27A00ADBAD1 /* Release */ = {
			isa = XCBuildConfiguration;
			buildSettings = {
				ALWAYS_SEARCH_USER_PATHS = NO;
				CLANG_ANALYZER_NONNULL = YES;
				CLANG_CXX_LANGUAGE_STANDARD = "gnu++0x";
				CLANG_CXX_LIBRARY = "libc++";
				CLANG_ENABLE_MODULES = YES;
				CLANG_ENABLE_OBJC_ARC = YES;
				CLANG_WARN_BOOL_CONVERSION = YES;
				CLANG_WARN_CONSTANT_CONVERSION = YES;
				CLANG_WARN_DIRECT_OBJC_ISA_USAGE = YES_ERROR;
				CLANG_WARN_DOCUMENTATION_COMMENTS = YES;
				CLANG_WARN_EMPTY_BODY = YES;
				CLANG_WARN_ENUM_CONVERSION = YES;
				CLANG_WARN_INFINITE_RECURSION = YES;
				CLANG_WARN_INT_CONVERSION = YES;
				CLANG_WARN_OBJC_ROOT_CLASS = YES_ERROR;
				CLANG_WARN_SUSPICIOUS_MOVE = YES;
				CLANG_WARN_UNREACHABLE_CODE = YES;
				CLANG_WARN__DUPLICATE_METHOD_MATCH = YES;
				"CODE_SIGN_IDENTITY[sdk=iphoneos*]" = "iPhone Developer";
				COPY_PHASE_STRIP = NO;
				DEBUG_INFORMATION_FORMAT = "dwarf-with-dsym";
				ENABLE_NS_ASSERTIONS = NO;
				ENABLE_STRICT_OBJC_MSGSEND = YES;
				GCC_C_LANGUAGE_STANDARD = gnu99;
				GCC_NO_COMMON_BLOCKS = YES;
				GCC_WARN_64_TO_32_BIT_CONVERSION = YES;
				GCC_WARN_ABOUT_RETURN_TYPE = YES_ERROR;
				GCC_WARN_UNDECLARED_SELECTOR = YES;
				GCC_WARN_UNINITIALIZED_AUTOS = YES_AGGRESSIVE;
				GCC_WARN_UNUSED_FUNCTION = YES;
				GCC_WARN_UNUSED_VARIABLE = YES;
				IPHONEOS_DEPLOYMENT_TARGET = 10.2;
				MTL_ENABLE_DEBUG_INFO = NO;
				SDKROOT = iphoneos;
				SWIFT_OPTIMIZATION_LEVEL = "-Owholemodule";
				VALIDATE_PRODUCT = YES;
			};
			name = Release;
		};
		99ED88CE1E65F27A00ADBAD1 /* Debug */ = {
			isa = XCBuildConfiguration;
			buildSettings = {
				ASSETCATALOG_COMPILER_APPICON_NAME = AppIcon;
				DEVELOPMENT_TEAM = Q4H5VCA4SE;
				INFOPLIST_FILE = CircleTransition/Info.plist;
				LD_RUNPATH_SEARCH_PATHS = "$(inherited) @executable_path/Frameworks";
				PRODUCT_BUNDLE_IDENTIFIER = andid.CircleTransition;
				PRODUCT_NAME = "$(TARGET_NAME)";
				SWIFT_VERSION = 3.0;
			};
			name = Debug;
		};
		99ED88CF1E65F27A00ADBAD1 /* Release */ = {
			isa = XCBuildConfiguration;
			buildSettings = {
				ASSETCATALOG_COMPILER_APPICON_NAME = AppIcon;
				DEVELOPMENT_TEAM = Q4H5VCA4SE;
				INFOPLIST_FILE = CircleTransition/Info.plist;
				LD_RUNPATH_SEARCH_PATHS = "$(inherited) @executable_path/Frameworks";
				PRODUCT_BUNDLE_IDENTIFIER = andid.CircleTransition;
				PRODUCT_NAME = "$(TARGET_NAME)";
				SWIFT_VERSION = 3.0;
			};
			name = Release;
		};
/* End XCBuildConfiguration section */

/* Begin XCConfigurationList section */
		99ED88B61E65F27900ADBAD1 /* Build configuration list for PBXProject "CircleTransition" */ = {
			isa = XCConfigurationList;
			buildConfigurations = (
				99ED88CB1E65F27A00ADBAD1 /* Debug */,
				99ED88CC1E65F27A00ADBAD1 /* Release */,
			);
			defaultConfigurationIsVisible = 0;
			defaultConfigurationName = Release;
		};
		99ED88CD1E65F27A00ADBAD1 /* Build configuration list for PBXNativeTarget "CircleTransition" */ = {
			isa = XCConfigurationList;
			buildConfigurations = (
				99ED88CE1E65F27A00ADBAD1 /* Debug */,
				99ED88CF1E65F27A00ADBAD1 /* Release */,
			);
			defaultConfigurationIsVisible = 0;
		};
/* End XCConfigurationList section */
	};
	rootObject = 99ED88B31E65F27900ADBAD1 /* Project object */;
}
